
Microsoft Visual Studio Solution File, Format Version 12.00
# Visual Studio Version 16
Project("{8BC9CEB8-8B4A-11D0-8D11-00A0C91BC942}") = "ALL_BUILD", "ALL_BUILD.vcxproj", "{39F8AB7C-E9D9-30A7-BDFF-567424B647B9}"
	ProjectSection(ProjectDependencies) = postProject
		{96C904CB-43C8-3F32-9CAF-D1930B0DDED7} = {96C904CB-43C8-3F32-9CAF-D1930B0DDED7}
		{4B1102B0-2AD0-3819-A1FB-054D34BA3235} = {4B1102B0-2AD0-3819-A1FB-054D34BA3235}
		{A0A30DF8-BBA3-341C-A09F-6C7D7FB73E27} = {A0A30DF8-BBA3-341C-A09F-6C7D7FB73E27}
		{8FE5F504-539D-3B5F-8206-ECCEBE0EB049} = {8FE5F504-539D-3B5F-8206-ECCEBE0EB049}
	EndProjectSection
EndProject
Project("{8BC9CEB8-8B4A-11D0-8D11-00A0C91BC942}") = "ParsingLib", "ParsingLib.vcxproj", "{96C904CB-43C8-3F32-9CAF-D1930B0DDED7}"
	ProjectSection(ProjectDependencies) = postProject
		{4B1102B0-2AD0-3819-A1FB-054D34BA3235} = {4B1102B0-2AD0-3819-A1FB-054D34BA3235}
	EndProjectSection
EndProject
Project("{8BC9CEB8-8B4A-11D0-8D11-00A0C91BC942}") = "ZERO_CHECK", "ZERO_CHECK.vcxproj", "{4B1102B0-2AD0-3819-A1FB-054D34BA3235}"
	ProjectSection(ProjectDependencies) = postProject
	EndProjectSection
EndProject
Project("{8BC9CEB8-8B4A-11D0-8D11-00A0C91BC942}") = "main-parsing", "main-parsing.vcxproj", "{A0A30DF8-BBA3-341C-A09F-6C7D7FB73E27}"
	ProjectSection(ProjectDependencies) = postProject
		{96C904CB-43C8-3F32-9CAF-D1930B0DDED7} = {96C904CB-43C8-3F32-9CAF-D1930B0DDED7}
		{4B1102B0-2AD0-3819-A1FB-054D34BA3235} = {4B1102B0-2AD0-3819-A1FB-054D34BA3235}
	EndProjectSection
EndProject
Project("{8BC9CEB8-8B4A-11D0-8D11-00A0C91BC942}") = "test-parsing", "test-parsing.vcxproj", "{8FE5F504-539D-3B5F-8206-ECCEBE0EB049}"
	ProjectSection(ProjectDependencies) = postProject
		{96C904CB-43C8-3F32-9CAF-D1930B0DDED7} = {96C904CB-43C8-3F32-9CAF-D1930B0DDED7}
		{4B1102B0-2AD0-3819-A1FB-054D34BA3235} = {4B1102B0-2AD0-3819-A1FB-054D34BA3235}
	EndProjectSection
EndProject
Global
	GlobalSection(SolutionConfigurationPlatforms) = preSolution
		Debug|x64 = Debug|x64
		Release|x64 = Release|x64
		MinSizeRel|x64 = MinSizeRel|x64
		RelWithDebInfo|x64 = RelWithDebInfo|x64
	EndGlobalSection
	GlobalSection(ProjectConfigurationPlatforms) = postSolution
		{39F8AB7C-E9D9-30A7-BDFF-567424B647B9}.Debug|x64.ActiveCfg = Debug|x64
		{39F8AB7C-E9D9-30A7-BDFF-567424B647B9}.Release|x64.ActiveCfg = Release|x64
		{39F8AB7C-E9D9-30A7-BDFF-567424B647B9}.MinSizeRel|x64.ActiveCfg = MinSizeRel|x64
		{39F8AB7C-E9D9-30A7-BDFF-567424B647B9}.RelWithDebInfo|x64.ActiveCfg = RelWithDebInfo|x64
		{96C904CB-43C8-3F32-9CAF-D1930B0DDED7}.Debug|x64.ActiveCfg = Debug|x64
		{96C904CB-43C8-3F32-9CAF-D1930B0DDED7}.Debug|x64.Build.0 = Debug|x64
		{96C904CB-43C8-3F32-9CAF-D1930B0DDED7}.Release|x64.ActiveCfg = Release|x64
		{96C904CB-43C8-3F32-9CAF-D1930B0DDED7}.Release|x64.Build.0 = Release|x64
		{96C904CB-43C8-3F32-9CAF-D1930B0DDED7}.MinSizeRel|x64.ActiveCfg = MinSizeRel|x64
		{96C904CB-43C8-3F32-9CAF-D1930B0DDED7}.MinSizeRel|x64.Build.0 = MinSizeRel|x64
		{96C904CB-43C8-3F32-9CAF-D1930B0DDED7}.RelWithDebInfo|x64.ActiveCfg = RelWithDebInfo|x64
		{96C904CB-43C8-3F32-9CAF-D1930B0DDED7}.RelWithDebInfo|x64.Build.0 = RelWithDebInfo|x64
		{4B1102B0-2AD0-3819-A1FB-054D34BA3235}.Debug|x64.ActiveCfg = Debug|x64
		{4B1102B0-2AD0-3819-A1FB-054D34BA3235}.Debug|x64.Build.0 = Debug|x64
		{4B1102B0-2AD0-3819-A1FB-054D34BA3235}.Release|x64.ActiveCfg = Release|x64
		{4B1102B0-2AD0-3819-A1FB-054D34BA3235}.Release|x64.Build.0 = Release|x64
		{4B1102B0-2AD0-3819-A1FB-054D34BA3235}.MinSizeRel|x64.ActiveCfg = MinSizeRel|x64
		{4B1102B0-2AD0-3819-A1FB-054D34BA3235}.MinSizeRel|x64.Build.0 = MinSizeRel|x64
		{4B1102B0-2AD0-3819-A1FB-054D34BA3235}.RelWithDebInfo|x64.ActiveCfg = RelWithDebInfo|x64
		{4B1102B0-2AD0-3819-A1FB-054D34BA3235}.RelWithDebInfo|x64.Build.0 = RelWithDebInfo|x64
		{A0A30DF8-BBA3-341C-A09F-6C7D7FB73E27}.Debug|x64.ActiveCfg = Debug|x64
		{A0A30DF8-BBA3-341C-A09F-6C7D7FB73E27}.Debug|x64.Build.0 = Debug|x64
		{A0A30DF8-BBA3-341C-A09F-6C7D7FB73E27}.Release|x64.ActiveCfg = Release|x64
		{A0A30DF8-BBA3-341C-A09F-6C7D7FB73E27}.Release|x64.Build.0 = Release|x64
		{A0A30DF8-BBA3-341C-A09F-6C7D7FB73E27}.MinSizeRel|x64.ActiveCfg = MinSizeRel|x64
		{A0A30DF8-BBA3-341C-A09F-6C7D7FB73E27}.MinSizeRel|x64.Build.0 = MinSizeRel|x64
		{A0A30DF8-BBA3-341C-A09F-6C7D7FB73E27}.RelWithDebInfo|x64.ActiveCfg = RelWithDebInfo|x64
		{A0A30DF8-BBA3-341C-A09F-6C7D7FB73E27}.RelWithDebInfo|x64.Build.0 = RelWithDebInfo|x64
		{8FE5F504-539D-3B5F-8206-ECCEBE0EB049}.Debug|x64.ActiveCfg = Debug|x64
		{8FE5F504-539D-3B5F-8206-ECCEBE0EB049}.Debug|x64.Build.0 = Debug|x64
		{8FE5F504-539D-3B5F-8206-ECCEBE0EB049}.Release|x64.ActiveCfg = Release|x64
		{8FE5F504-539D-3B5F-8206-ECCEBE0EB049}.Release|x64.Build.0 = Release|x64
		{8FE5F504-539D-3B5F-8206-ECCEBE0EB049}.MinSizeRel|x64.ActiveCfg = MinSizeRel|x64
		{8FE5F504-539D-3B5F-8206-ECCEBE0EB049}.MinSizeRel|x64.Build.0 = MinSizeRel|x64
		{8FE5F504-539D-3B5F-8206-ECCEBE0EB049}.RelWithDebInfo|x64.ActiveCfg = RelWithDebInfo|x64
		{8FE5F504-539D-3B5F-8206-ECCEBE0EB049}.RelWithDebInfo|x64.Build.0 = RelWithDebInfo|x64
	EndGlobalSection
	GlobalSection(ExtensibilityGlobals) = postSolution
		SolutionGuid = {AA707215-1A41-397A-ADC7-278AE99C0CFD}
	EndGlobalSection
	GlobalSection(ExtensibilityAddIns) = postSolution
	EndGlobalSection
EndGlobal
